
Microsoft Visual Studio Solution File, Format Version 12.00
# Visual Studio Version 16
VisualStudioVersion = 16.0.30128.74
MinimumVisualStudioVersion = 10.0.40219.1
Project("{FAE04EC0-301F-11D3-BF4B-00C04F79EFBC}") = "SOLIDPrincipals", "SOLIDPrincipals\SOLIDPrincipals.csproj", "{8974EB43-E44B-4F79-B53D-D93E1AD7EC99}"
EndProject
Global
	GlobalSection(SolutionConfigurationPlatforms) = preSolution
		Debug|Any CPU = Debug|Any CPU
		Release|Any CPU = Release|Any CPU
	EndGlobalSection
	GlobalSection(ProjectConfigurationPlatforms) = postSolution
		{8974EB43-E44B-4F79-B53D-D93E1AD7EC99}.Debug|Any CPU.ActiveCfg = Debug|Any CPU
		{8974EB43-E44B-4F79-B53D-D93E1AD7EC99}.Debug|Any CPU.Build.0 = Debug|Any CPU
		{8974EB43-E44B-4F79-B53D-D93E1AD7EC99}.Release|Any CPU.ActiveCfg = Release|Any CPU
		{8974EB43-E44B-4F79-B53D-D93E1AD7EC99}.Release|Any CPU.Build.0 = Release|Any CPU
	EndGlobalSection
	GlobalSection(SolutionProperties) = preSolution
		HideSolutionNode = FALSE
	EndGlobalSection
	GlobalSection(ExtensibilityGlobals) = postSolution
		SolutionGuid = {CE6B8D36-3630-44EB-ABD9-DDDB83D1DBD0}
	EndGlobalSection
EndGlobal
